
Microsoft Visual Studio Solution File, Format Version 12.00
# Visual Studio 2012
Project("{8BC9CEB8-8B4A-11D0-8D11-00A0C91BC942}") = "Conway's_Game_Of_Life", "Conway's_Game_Of_Life\Conway's_Game_Of_Life.vcxproj", "{CAF0558D-0354-4CB2-9A0F-9433CF2DBCA8}"
EndProject
Global
	GlobalSection(SolutionConfigurationPlatforms) = preSolution
		Debug|Win32 = Debug|Win32
		Release|Win32 = Release|Win32
	EndGlobalSection
	GlobalSection(ProjectConfigurationPlatforms) = postSolution
		{CAF0558D-0354-4CB2-9A0F-9433CF2DBCA8}.Debug|Win32.ActiveCfg = Debug|Win32
		{CAF0558D-0354-4CB2-9A0F-9433CF2DBCA8}.Debug|Win32.Build.0 = Debug|Win32
		{CAF0558D-0354-4CB2-9A0F-9433CF2DBCA8}.Debug|Win32.Deploy.0 = Debug|Win32
		{CAF0558D-0354-4CB2-9A0F-9433CF2DBCA8}.Release|Win32.ActiveCfg = Release|Win32
		{CAF0558D-0354-4CB2-9A0F-9433CF2DBCA8}.Release|Win32.Build.0 = Release|Win32
		{CAF0558D-0354-4CB2-9A0F-9433CF2DBCA8}.Release|Win32.Deploy.0 = Release|Win32
	EndGlobalSection
	GlobalSection(SolutionProperties) = preSolution
		HideSolutionNode = FALSE
	EndGlobalSection
EndGlobal
